
Microsoft Visual Studio Solution File, Format Version 12.00
Project("{FAE04EC0-301F-11D3-BF4B-00C04F79EFBC}") = "Kabutar.Server", "Kabutar.Server\Kabutar.Server.csproj", "{4F2E7AF8-6C79-42B8-B47C-9CA15DFF95FE}"
EndProject
Project("{FAE04EC0-301F-11D3-BF4B-00C04F79EFBC}") = "Kabutar.Producer", "Kabutar.Producer\Kabutar.Producer.csproj", "{8963E977-7EE6-41EC-B7D0-AB15D51B065E}"
EndProject
Project("{FAE04EC0-301F-11D3-BF4B-00C04F79EFBC}") = "Kabutar.Consumer", "Kabutar.Consumer\Kabutar.Consumer.csproj", "{EBB0E490-052C-438B-9103-C3AEF2AB417C}"
EndProject
Project("{FAE04EC0-301F-11D3-BF4B-00C04F79EFBC}") = "Producer", "Producer\Producer.csproj", "{144CAB35-0155-4A4C-BB6F-3A4ED3756816}"
EndProject
Project("{FAE04EC0-301F-11D3-BF4B-00C04F79EFBC}") = "Consumer", "Consumer\Consumer.csproj", "{A9494899-D6EF-41BA-97FF-C73E0DB68B75}"
EndProject
Project("{2150E333-8FDC-42A3-9474-1A3956D46DE8}") = "src", "src", "{1B342AE6-9210-4CAB-8262-EB5DAFF86F5A}"
EndProject
Project("{2150E333-8FDC-42A3-9474-1A3956D46DE8}") = "examples", "examples", "{93323404-8677-4295-8AC0-82360098B07F}"
EndProject
Global
	GlobalSection(SolutionConfigurationPlatforms) = preSolution
		Debug|Any CPU = Debug|Any CPU
		Release|Any CPU = Release|Any CPU
	EndGlobalSection
	GlobalSection(ProjectConfigurationPlatforms) = postSolution
		{4F2E7AF8-6C79-42B8-B47C-9CA15DFF95FE}.Debug|Any CPU.ActiveCfg = Debug|Any CPU
		{4F2E7AF8-6C79-42B8-B47C-9CA15DFF95FE}.Debug|Any CPU.Build.0 = Debug|Any CPU
		{4F2E7AF8-6C79-42B8-B47C-9CA15DFF95FE}.Release|Any CPU.ActiveCfg = Release|Any CPU
		{4F2E7AF8-6C79-42B8-B47C-9CA15DFF95FE}.Release|Any CPU.Build.0 = Release|Any CPU
		{8963E977-7EE6-41EC-B7D0-AB15D51B065E}.Debug|Any CPU.ActiveCfg = Debug|Any CPU
		{8963E977-7EE6-41EC-B7D0-AB15D51B065E}.Debug|Any CPU.Build.0 = Debug|Any CPU
		{8963E977-7EE6-41EC-B7D0-AB15D51B065E}.Release|Any CPU.ActiveCfg = Release|Any CPU
		{8963E977-7EE6-41EC-B7D0-AB15D51B065E}.Release|Any CPU.Build.0 = Release|Any CPU
		{EBB0E490-052C-438B-9103-C3AEF2AB417C}.Debug|Any CPU.ActiveCfg = Debug|Any CPU
		{EBB0E490-052C-438B-9103-C3AEF2AB417C}.Debug|Any CPU.Build.0 = Debug|Any CPU
		{EBB0E490-052C-438B-9103-C3AEF2AB417C}.Release|Any CPU.ActiveCfg = Release|Any CPU
		{EBB0E490-052C-438B-9103-C3AEF2AB417C}.Release|Any CPU.Build.0 = Release|Any CPU
		{144CAB35-0155-4A4C-BB6F-3A4ED3756816}.Debug|Any CPU.ActiveCfg = Debug|Any CPU
		{144CAB35-0155-4A4C-BB6F-3A4ED3756816}.Debug|Any CPU.Build.0 = Debug|Any CPU
		{144CAB35-0155-4A4C-BB6F-3A4ED3756816}.Release|Any CPU.ActiveCfg = Release|Any CPU
		{144CAB35-0155-4A4C-BB6F-3A4ED3756816}.Release|Any CPU.Build.0 = Release|Any CPU
		{A9494899-D6EF-41BA-97FF-C73E0DB68B75}.Debug|Any CPU.ActiveCfg = Debug|Any CPU
		{A9494899-D6EF-41BA-97FF-C73E0DB68B75}.Debug|Any CPU.Build.0 = Debug|Any CPU
		{A9494899-D6EF-41BA-97FF-C73E0DB68B75}.Release|Any CPU.ActiveCfg = Release|Any CPU
		{A9494899-D6EF-41BA-97FF-C73E0DB68B75}.Release|Any CPU.Build.0 = Release|Any CPU
	EndGlobalSection
	GlobalSection(NestedProjects) = preSolution
		{EBB0E490-052C-438B-9103-C3AEF2AB417C} = {1B342AE6-9210-4CAB-8262-EB5DAFF86F5A}
		{8963E977-7EE6-41EC-B7D0-AB15D51B065E} = {1B342AE6-9210-4CAB-8262-EB5DAFF86F5A}
		{4F2E7AF8-6C79-42B8-B47C-9CA15DFF95FE} = {1B342AE6-9210-4CAB-8262-EB5DAFF86F5A}
		{A9494899-D6EF-41BA-97FF-C73E0DB68B75} = {93323404-8677-4295-8AC0-82360098B07F}
		{144CAB35-0155-4A4C-BB6F-3A4ED3756816} = {93323404-8677-4295-8AC0-82360098B07F}
	EndGlobalSection
EndGlobal
